# This file is @generated by PDM.
# It is not intended for manual editing.

[metadata]
groups = ["default"]
strategy = ["inherit_metadata"]
lock_version = "4.5.0"
content_hash = "sha256:ce78043ac8b0e818ee76e6cbdca7335bbb890ccfb385855eb10e548d68e65e5a"

[[metadata.targets]]
requires_python = ">=3.12"

[[package]]
name = "asgiref"
version = "3.12.1"
requires_python = ">=3.10"
summary = "ASGI specs, helper code, and adapters"
groups = ["default"]
dependencies = [
    "typing-extensions>=4; python_version < \"3.11\"",
]
files = [
    {file = "asgiref-3.12.1-py3-none-any.whl", hash = "sha256:fe386d1c2bff7259ea95929266d12a8cf9a8b5a1c2598402967d8792e7a7c094"},
    {file = "asgiref-3.12.1.tar.gz", hash = "sha256:59dcb51c272ad209d59bed5708a64a333083e86017d7fcdd67498eeab7784340"},
]

[[package]]
name = "django"
version = "6.1"
requires_python = ">=3.12"
summary = "A high-level Python web framework that encourages rapid development and clean, pragmatic design."
groups = ["default"]
dependencies = [
    "asgiref>=3.9.1",
    "sqlparse>=0.5.0",
    "tzdata; sys_platform == \"win32\"",
]
files = [
    {file = "django-6.1-py3-none-any.whl", hash = "sha256:6c132cd980c9392b06807d4ca52d72530d631dc65a85d9dacede00a780cefbbe"},
    {file = "django-6.1.tar.gz", hash = "sha256:86a2aacd59b817e4d6ac2ebfe22356c58f66f7b24e503f71b7c2fead677ee48b"},
]

[[package]]
name = "django-captcha-kit"
version = "1.0.0"
requires_python = ">=3.12"
summary = "Interchangeable CAPTCHA service for Django (Turnstile, reCAPTCHA, hCaptcha) with zero dependencies."
groups = ["default"]
dependencies = [
    "django>=5.2",
]
files = [
    {file = "django_captcha_kit-1.0.0-py3-none-any.whl", hash = "sha256:2fb97db64a779b4b2f9de3a4fd26d2d45a77deb38c651b4734eb9b5808a0c1a4"},
    {file = "django_captcha_kit-1.0.0.tar.gz", hash = "sha256:d1a00f52635718f85b18682f02b6d14b76e46827324beb7b725f5622c9d7c0d0"},
]

[[package]]
name = "python-dotenv"
version = "1.2.2"
requires_python = ">=3.10"
summary = "Read key-value pairs from a .env file and set them as environment variables"
groups = ["default"]
files = [
    {file = "python_dotenv-1.2.2-py3-none-any.whl", hash = "sha256:1d8214789a24de455a8b8bd8ae6fe3c6b69a5e3d64aa8a8e5d68e694bbcb285a"},
    {file = "python_dotenv-1.2.2.tar.gz", hash = "sha256:2c371a91fbd7ba082c2c1dc1f8bf89ca22564a087c2c287cd9b662adde799cf3"},
]

[[package]]
name = "sqlparse"
version = "0.5.5"
requires_python = ">=3.8"
summary = "A non-validating SQL parser."
groups = ["default"]
files = [
    {file = "sqlparse-0.5.5-py3-none-any.whl", hash = "sha256:12a08b3bf3eec877c519589833aed092e2444e68240a3577e8e26148acc7b1ba"},
    {file = "sqlparse-0.5.5.tar.gz", hash = "sha256:e20d4a9b0b8585fdf63b10d30066c7c94c5d7a7ec47c889a2d83a3caa93ff28e"},
]

[[package]]
name = "tzdata"
version = "2026.3"
requires_python = ">=2"
summary = "Provider of IANA time zone data"
groups = ["default"]
marker = "sys_platform == \"win32\""
files = [
    {file = "tzdata-2026.3-py2.py3-none-any.whl", hash = "sha256:dc096730c87af6cab1b171c9d532be840741ff5d459015e7f6947bd7d7e54931"},
    {file = "tzdata-2026.3.tar.gz", hash = "sha256:4a1518b8993086a7982523e071643f3c0e5f213e75b21318e78bcabfff9d1415"},
]
